// !$*UTF8*$!
{
	archiveVersion = 1;
	classes = {
	};
	objectVersion = 46;
	objects = {

/* Begin PBXBuildFile section */
		262025B81CB36A1E00BD637E /* AppDelegate.swift in Sources */ = {isa = PBXBuildFile; fileRef = 262025B71CB36A1E00BD637E /* AppDelegate.swift */; };
		262025BC1CB36A1E00BD637E /* GameScene.swift in Sources */ = {isa = PBXBuildFile; fileRef = 262025BB1CB36A1E00BD637E /* GameScene.swift */; };
		262025BE1CB36A1E00BD637E /* GameViewController.swift in Sources */ = {isa = PBXBuildFile; fileRef = 262025BD1CB36A1E00BD637E /* GameViewController.swift */; };
		262025C31CB36A1E00BD637E /* Assets.xcassets in Resources */ = {isa = PBXBuildFile; fileRef = 262025C21CB36A1E00BD637E /* Assets.xcassets */; };
		262025D11CB36A1E00BD637E /* BubbleCatTests.swift in Sources */ = {isa = PBXBuildFile; fileRef = 262025D01CB36A1E00BD637E /* BubbleCatTests.swift */; };
		262025DC1CB36A1E00BD637E /* BubbleCatUITests.swift in Sources */ = {isa = PBXBuildFile; fileRef = 262025DB1CB36A1E00BD637E /* BubbleCatUITests.swift */; };
		2631AB6A1D20930200994D25 /* begin.mp3 in Resources */ = {isa = PBXBuildFile; fileRef = 2631AB651D20930200994D25 /* begin.mp3 */; };
		2631AB6B1D20930200994D25 /* powerup.mp3 in Resources */ = {isa = PBXBuildFile; fileRef = 2631AB661D20930200994D25 /* powerup.mp3 */; };
		2631AB6C1D20930200994D25 /* plunger.mp3 in Resources */ = {isa = PBXBuildFile; fileRef = 2631AB671D20930200994D25 /* plunger.mp3 */; };
		2631AB6D1D20930200994D25 /* break.mp3 in Resources */ = {isa = PBXBuildFile; fileRef = 2631AB681D20930200994D25 /* break.mp3 */; };
		2631AB6E1D20930200994D25 /* shot.mp3 in Resources */ = {isa = PBXBuildFile; fileRef = 2631AB691D20930200994D25 /* shot.mp3 */; };
		2631AB701D2096D700994D25 /* hit.mp3 in Resources */ = {isa = PBXBuildFile; fileRef = 2631AB6F1D2096D700994D25 /* hit.mp3 */; };
		2631AB731D20B1CA00994D25 /* Level4.sks in Resources */ = {isa = PBXBuildFile; fileRef = 2631AB711D20B1CA00994D25 /* Level4.sks */; };
		2631AB741D20B1CA00994D25 /* Level5.sks in Resources */ = {isa = PBXBuildFile; fileRef = 2631AB721D20B1CA00994D25 /* Level5.sks */; };
		2631AB7A1D20B8F100994D25 /* Level6.sks in Resources */ = {isa = PBXBuildFile; fileRef = 2631AB751D20B8F100994D25 /* Level6.sks */; };
		2631AB7B1D20B8F100994D25 /* Level7.sks in Resources */ = {isa = PBXBuildFile; fileRef = 2631AB761D20B8F100994D25 /* Level7.sks */; };
		2631AB7C1D20B8F100994D25 /* Level8.sks in Resources */ = {isa = PBXBuildFile; fileRef = 2631AB771D20B8F100994D25 /* Level8.sks */; };
		2631AB7D1D20B8F100994D25 /* Level9.sks in Resources */ = {isa = PBXBuildFile; fileRef = 2631AB781D20B8F100994D25 /* Level9.sks */; };
		2631AB7E1D20B8F100994D25 /* Level10.sks in Resources */ = {isa = PBXBuildFile; fileRef = 2631AB791D20B8F100994D25 /* Level10.sks */; };
		263AD0CA1CB9B2F00056EF9D /* Hook.swift in Sources */ = {isa = PBXBuildFile; fileRef = 263AD0C91CB9B2F00056EF9D /* Hook.swift */; };
		263AD0CC1CB9C7D60056EF9D /* blop.mp3 in Resources */ = {isa = PBXBuildFile; fileRef = 263AD0CB1CB9C7D60056EF9D /* blop.mp3 */; };
		263AD0CE1CB9CFCD0056EF9D /* Ball.swift in Sources */ = {isa = PBXBuildFile; fileRef = 263AD0CD1CB9CFCD0056EF9D /* Ball.swift */; };
		263AD0D01CBAC77E0056EF9D /* Brick.swift in Sources */ = {isa = PBXBuildFile; fileRef = 263AD0CF1CBAC77E0056EF9D /* Brick.swift */; };
		263AD0D21CBB4AF40056EF9D /* Level1.sks in Resources */ = {isa = PBXBuildFile; fileRef = 263AD0D11CBB4AF40056EF9D /* Level1.sks */; };
		266BC1911D13A9910050DA1E /* underwater.fsh in Resources */ = {isa = PBXBuildFile; fileRef = 266BC1901D13A9910050DA1E /* underwater.fsh */; };
		26B7D9081CB76686006885F0 /* HunterImages.atlas in Resources */ = {isa = PBXBuildFile; fileRef = 26B7D9071CB76686006885F0 /* HunterImages.atlas */; };
		26B7D90A1CB77D07006885F0 /* GameoverScene.swift in Sources */ = {isa = PBXBuildFile; fileRef = 26B7D9091CB77D07006885F0 /* GameoverScene.swift */; };
		26B7D90C1CB7812F006885F0 /* NextScene.swift in Sources */ = {isa = PBXBuildFile; fileRef = 26B7D90B1CB7812F006885F0 /* NextScene.swift */; };
		26BA839B1CEEDFCC00F943D2 /* PowerUp.swift in Sources */ = {isa = PBXBuildFile; fileRef = 26BA839A1CEEDFCC00F943D2 /* PowerUp.swift */; };
		26C037BB1CB4CE3D002F58AE /* Main.storyboard in Resources */ = {isa = PBXBuildFile; fileRef = 26C037B91CB4CE3D002F58AE /* Main.storyboard */; };
		26C037BE1CB4CF68002F58AE /* LaunchScreen.storyboard in Resources */ = {isa = PBXBuildFile; fileRef = 26C037BC1CB4CF68002F58AE /* LaunchScreen.storyboard */; };
		26CFFC641CC166D00083C8B9 /* Level2.sks in Resources */ = {isa = PBXBuildFile; fileRef = 26CFFC631CC166D00083C8B9 /* Level2.sks */; };
		26CFFC661CC16BB40083C8B9 /* Actor.swift in Sources */ = {isa = PBXBuildFile; fileRef = 26CFFC651CC16BB40083C8B9 /* Actor.swift */; };
		26D963FE1D000EA90063CECC /* Level3.sks in Resources */ = {isa = PBXBuildFile; fileRef = 26D963FD1D000EA90063CECC /* Level3.sks */; };
		26E8EAD51D1685A2002BC7FB /* alphachannel.fsh in Resources */ = {isa = PBXBuildFile; fileRef = 26E8EAD41D1685A2002BC7FB /* alphachannel.fsh */; };
		26E8EAD71D175DF8002BC7FB /* GameStartScene.swift in Sources */ = {isa = PBXBuildFile; fileRef = 26E8EAD61D175DF8002BC7FB /* GameStartScene.swift */; };
/* End PBXBuildFile section */

/* Begin PBXContainerItemProxy section */
		262025CD1CB36A1E00BD637E /* PBXContainerItemProxy */ = {
			isa = PBXContainerItemProxy;
			containerPortal = 262025AC1CB36A1E00BD637E /* Project object */;
			proxyType = 1;
			remoteGlobalIDString = 262025B31CB36A1E00BD637E;
			remoteInfo = BubbleCat;
		};
		262025D81CB36A1E00BD637E /* PBXContainerItemProxy */ = {
			isa = PBXContainerItemProxy;
			containerPortal = 262025AC1CB36A1E00BD637E /* Project object */;
			proxyType = 1;
			remoteGlobalIDString = 262025B31CB36A1E00BD637E;
			remoteInfo = BubbleCat;
		};
/* End PBXContainerItemProxy section */

/* Begin PBXFileReference section */
		262025B41CB36A1E00BD637E /* Bubble Hunters.app */ = {isa = PBXFileReference; explicitFileType = wrapper.application; includeInIndex = 0; path = "Bubble Hunters.app"; sourceTree = BUILT_PRODUCTS_DIR; };
		262025B71CB36A1E00BD637E /* AppDelegate.swift */ = {isa = PBXFileReference; lastKnownFileType = sourcecode.swift; path = AppDelegate.swift; sourceTree = "<group>"; };
		262025BB1CB36A1E00BD637E /* GameScene.swift */ = {isa = PBXFileReference; lastKnownFileType = sourcecode.swift; path = GameScene.swift; sourceTree = "<group>"; };
		262025BD1CB36A1E00BD637E /* GameViewController.swift */ = {isa = PBXFileReference; lastKnownFileType = sourcecode.swift; path = GameViewController.swift; sourceTree = "<group>"; };
		262025C21CB36A1E00BD637E /* Assets.xcassets */ = {isa = PBXFileReference; lastKnownFileType = folder.assetcatalog; path = Assets.xcassets; sourceTree = "<group>"; };
		262025C71CB36A1E00BD637E /* Info.plist */ = {isa = PBXFileReference; lastKnownFileType = text.plist.xml; path = Info.plist; sourceTree = "<group>"; };
		262025CC1CB36A1E00BD637E /* BubbleHunterTests.xctest */ = {isa = PBXFileReference; explicitFileType = wrapper.cfbundle; includeInIndex = 0; path = BubbleHunterTests.xctest; sourceTree = BUILT_PRODUCTS_DIR; };
		262025D01CB36A1E00BD637E /* BubbleCatTests.swift */ = {isa = PBXFileReference; lastKnownFileType = sourcecode.swift; path = BubbleCatTests.swift; sourceTree = "<group>"; };
		262025D21CB36A1E00BD637E /* Info.plist */ = {isa = PBXFileReference; lastKnownFileType = text.plist.xml; path = Info.plist; sourceTree = "<group>"; };
		262025D71CB36A1E00BD637E /* BubbleHunterTests.xctest */ = {isa = PBXFileReference; explicitFileType = wrapper.cfbundle; includeInIndex = 0; path = BubbleHunterTests.xctest; sourceTree = BUILT_PRODUCTS_DIR; };
		262025DB1CB36A1E00BD637E /* BubbleCatUITests.swift */ = {isa = PBXFileReference; lastKnownFileType = sourcecode.swift; path = BubbleCatUITests.swift; sourceTree = "<group>"; };
		262025DD1CB36A1E00BD637E /* Info.plist */ = {isa = PBXFileReference; lastKnownFileType = text.plist.xml; path = Info.plist; sourceTree = "<group>"; };
		2631AB651D20930200994D25 /* begin.mp3 */ = {isa = PBXFileReference; lastKnownFileType = audio.mp3; path = begin.mp3; sourceTree = "<group>"; };
		2631AB661D20930200994D25 /* powerup.mp3 */ = {isa = PBXFileReference; lastKnownFileType = audio.mp3; path = powerup.mp3; sourceTree = "<group>"; };
		2631AB671D20930200994D25 /* plunger.mp3 */ = {isa = PBXFileReference; lastKnownFileType = audio.mp3; path = plunger.mp3; sourceTree = "<group>"; };
		2631AB681D20930200994D25 /* break.mp3 */ = {isa = PBXFileReference; lastKnownFileType = audio.mp3; path = break.mp3; sourceTree = "<group>"; };
		2631AB691D20930200994D25 /* shot.mp3 */ = {isa = PBXFileReference; lastKnownFileType = audio.mp3; path = shot.mp3; sourceTree = "<group>"; };
		2631AB6F1D2096D700994D25 /* hit.mp3 */ = {isa = PBXFileReference; lastKnownFileType = audio.mp3; path = hit.mp3; sourceTree = "<group>"; };
		2631AB711D20B1CA00994D25 /* Level4.sks */ = {isa = PBXFileReference; lastKnownFileType = file.sks; path = Level4.sks; sourceTree = "<group>"; };
		2631AB721D20B1CA00994D25 /* Level5.sks */ = {isa = PBXFileReference; lastKnownFileType = file.sks; path = Level5.sks; sourceTree = "<group>"; };
		2631AB751D20B8F100994D25 /* Level6.sks */ = {isa = PBXFileReference; lastKnownFileType = file.sks; path = Level6.sks; sourceTree = "<group>"; };
		2631AB761D20B8F100994D25 /* Level7.sks */ = {isa = PBXFileReference; lastKnownFileType = file.sks; path = Level7.sks; sourceTree = "<group>"; };
		2631AB771D20B8F100994D25 /* Level8.sks */ = {isa = PBXFileReference; lastKnownFileType = file.sks; path = Level8.sks; sourceTree = "<group>"; };
		2631AB781D20B8F100994D25 /* Level9.sks */ = {isa = PBXFileReference; lastKnownFileType = file.sks; path = Level9.sks; sourceTree = "<group>"; };
		2631AB791D20B8F100994D25 /* Level10.sks */ = {isa = PBXFileReference; lastKnownFileType = file.sks; path = Level10.sks; sourceTree = "<group>"; };
		263AD0C91CB9B2F00056EF9D /* Hook.swift */ = {isa = PBXFileReference; fileEncoding = 4; lastKnownFileType = sourcecode.swift; path = Hook.swift; sourceTree = "<group>"; };
		263AD0CB1CB9C7D60056EF9D /* blop.mp3 */ = {isa = PBXFileReference; lastKnownFileType = audio.mp3; path = blop.mp3; sourceTree = "<group>"; };
		263AD0CD1CB9CFCD0056EF9D /* Ball.swift */ = {isa = PBXFileReference; fileEncoding = 4; lastKnownFileType = sourcecode.swift; path = Ball.swift; sourceTree = "<group>"; };
		263AD0CF1CBAC77E0056EF9D /* Brick.swift */ = {isa = PBXFileReference; fileEncoding = 4; lastKnownFileType = sourcecode.swift; path = Brick.swift; sourceTree = "<group>"; };
		263AD0D11CBB4AF40056EF9D /* Level1.sks */ = {isa = PBXFileReference; lastKnownFileType = file.sks; path = Level1.sks; sourceTree = "<group>"; };
		266BC1901D13A9910050DA1E /* underwater.fsh */ = {isa = PBXFileReference; fileEncoding = 4; lastKnownFileType = sourcecode.glsl; path = underwater.fsh; sourceTree = "<group>"; };
		26B7D9071CB76686006885F0 /* HunterImages.atlas */ = {isa = PBXFileReference; lastKnownFileType = folder.skatlas; path = HunterImages.atlas; sourceTree = "<group>"; };
		26B7D9091CB77D07006885F0 /* GameoverScene.swift */ = {isa = PBXFileReference; fileEncoding = 4; lastKnownFileType = sourcecode.swift; path = GameoverScene.swift; sourceTree = "<group>"; };
		26B7D90B1CB7812F006885F0 /* NextScene.swift */ = {isa = PBXFileReference; fileEncoding = 4; lastKnownFileType = sourcecode.swift; path = NextScene.swift; sourceTree = "<group>"; };
		26BA839A1CEEDFCC00F943D2 /* PowerUp.swift */ = {isa = PBXFileReference; fileEncoding = 4; lastKnownFileType = sourcecode.swift; path = PowerUp.swift; sourceTree = "<group>"; };
		26C037BA1CB4CE3D002F58AE /* Base */ = {isa = PBXFileReference; lastKnownFileType = file.storyboard; name = Base; path = Base.lproj/Main.storyboard; sourceTree = "<group>"; };
		26C037BD1CB4CF68002F58AE /* Base */ = {isa = PBXFileReference; lastKnownFileType = file.storyboard; name = Base; path = Base.lproj/LaunchScreen.storyboard; sourceTree = "<group>"; };
		26CFFC631CC166D00083C8B9 /* Level2.sks */ = {isa = PBXFileReference; lastKnownFileType = file.sks; path = Level2.sks; sourceTree = "<group>"; };
		26CFFC651CC16BB40083C8B9 /* Actor.swift */ = {isa = PBXFileReference; fileEncoding = 4; lastKnownFileType = sourcecode.swift; path = Actor.swift; sourceTree = "<group>"; };
		26D963FD1D000EA90063CECC /* Level3.sks */ = {isa = PBXFileReference; lastKnownFileType = file.sks; path = Level3.sks; sourceTree = "<group>"; };
		26E8EAD41D1685A2002BC7FB /* alphachannel.fsh */ = {isa = PBXFileReference; fileEncoding = 4; lastKnownFileType = sourcecode.glsl; path = alphachannel.fsh; sourceTree = "<group>"; };
		26E8EAD61D175DF8002BC7FB /* GameStartScene.swift */ = {isa = PBXFileReference; fileEncoding = 4; lastKnownFileType = sourcecode.swift; path = GameStartScene.swift; sourceTree = "<group>"; };
/* End PBXFileReference section */

/* Begin PBXFrameworksBuildPhase section */
		262025B11CB36A1E00BD637E /* Frameworks */ = {
			isa = PBXFrameworksBuildPhase;
			buildActionMask = 2147483647;
			files = (
			);
			runOnlyForDeploymentPostprocessing = 0;
		};
		262025C91CB36A1E00BD637E /* Frameworks */ = {
			isa = PBXFrameworksBuildPhase;
			buildActionMask = 2147483647;
			files = (
			);
			runOnlyForDeploymentPostprocessing = 0;
		};
		262025D41CB36A1E00BD637E /* Frameworks */ = {
			isa = PBXFrameworksBuildPhase;
			buildActionMask = 2147483647;
			files = (
			);
			runOnlyForDeploymentPostprocessing = 0;
		};
/* End PBXFrameworksBuildPhase section */

/* Begin PBXGroup section */
		262025AB1CB36A1E00BD637E = {
			isa = PBXGroup;
			children = (
				262025B61CB36A1E00BD637E /* BubbleCat */,
				262025CF1CB36A1E00BD637E /* BubbleCatTests */,
				262025DA1CB36A1E00BD637E /* BubbleCatUITests */,
				262025B51CB36A1E00BD637E /* Products */,
			);
			sourceTree = "<group>";
		};
		262025B51CB36A1E00BD637E /* Products */ = {
			isa = PBXGroup;
			children = (
				262025B41CB36A1E00BD637E /* Bubble Hunters.app */,
				262025CC1CB36A1E00BD637E /* BubbleHunterTests.xctest */,
				262025D71CB36A1E00BD637E /* BubbleHunterTests.xctest */,
			);
			name = Products;
			sourceTree = "<group>";
		};
		262025B61CB36A1E00BD637E /* BubbleCat */ = {
			isa = PBXGroup;
			children = (
				26B7D9071CB76686006885F0 /* HunterImages.atlas */,
				26C037B91CB4CE3D002F58AE /* Main.storyboard */,
				26C037BC1CB4CF68002F58AE /* LaunchScreen.storyboard */,
				262025B71CB36A1E00BD637E /* AppDelegate.swift */,
				262025BB1CB36A1E00BD637E /* GameScene.swift */,
				262025BD1CB36A1E00BD637E /* GameViewController.swift */,
				263AD0CB1CB9C7D60056EF9D /* blop.mp3 */,
				262025C21CB36A1E00BD637E /* Assets.xcassets */,
				262025C71CB36A1E00BD637E /* Info.plist */,
				26B7D9091CB77D07006885F0 /* GameoverScene.swift */,
				26B7D90B1CB7812F006885F0 /* NextScene.swift */,
				26E8EAD61D175DF8002BC7FB /* GameStartScene.swift */,
				263AD0C91CB9B2F00056EF9D /* Hook.swift */,
				263AD0CD1CB9CFCD0056EF9D /* Ball.swift */,
				263AD0CF1CBAC77E0056EF9D /* Brick.swift */,
				26CFFC631CC166D00083C8B9 /* Level2.sks */,
				26D963FD1D000EA90063CECC /* Level3.sks */,
				263AD0D11CBB4AF40056EF9D /* Level1.sks */,
				2631AB751D20B8F100994D25 /* Level6.sks */,
				2631AB761D20B8F100994D25 /* Level7.sks */,
				2631AB771D20B8F100994D25 /* Level8.sks */,
				2631AB781D20B8F100994D25 /* Level9.sks */,
				2631AB791D20B8F100994D25 /* Level10.sks */,
				2631AB711D20B1CA00994D25 /* Level4.sks */,
				2631AB721D20B1CA00994D25 /* Level5.sks */,
				26CFFC651CC16BB40083C8B9 /* Actor.swift */,
				2631AB6F1D2096D700994D25 /* hit.mp3 */,
				26BA839A1CEEDFCC00F943D2 /* PowerUp.swift */,
				2631AB651D20930200994D25 /* begin.mp3 */,
				2631AB661D20930200994D25 /* powerup.mp3 */,
				2631AB671D20930200994D25 /* plunger.mp3 */,
				2631AB681D20930200994D25 /* break.mp3 */,
				2631AB691D20930200994D25 /* shot.mp3 */,
				26E8EAD41D1685A2002BC7FB /* alphachannel.fsh */,
				266BC1901D13A9910050DA1E /* underwater.fsh */,
			);
			path = BubbleCat;
			sourceTree = "<group>";
		};
		262025CF1CB36A1E00BD637E /* BubbleCatTests */ = {
			isa = PBXGroup;
			children = (
				262025D01CB36A1E00BD637E /* BubbleCatTests.swift */,
				262025D21CB36A1E00BD637E /* Info.plist */,
			);
			path = BubbleCatTests;
			sourceTree = "<group>";
		};
		262025DA1CB36A1E00BD637E /* BubbleCatUITests */ = {
			isa = PBXGroup;
			children = (
				262025DB1CB36A1E00BD637E /* BubbleCatUITests.swift */,
				262025DD1CB36A1E00BD637E /* Info.plist */,
			);
			path = BubbleCatUITests;
			sourceTree = "<group>";
		};
/* End PBXGroup section */

/* Begin PBXNativeTarget section */
		262025B31CB36A1E00BD637E /* BubbleHunter */ = {
			isa = PBXNativeTarget;
			buildConfigurationList = 262025E01CB36A1F00BD637E /* Build configuration list for PBXNativeTarget "BubbleHunter" */;
			buildPhases = (
				262025B01CB36A1E00BD637E /* Sources */,
				262025B11CB36A1E00BD637E /* Frameworks */,
				262025B21CB36A1E00BD637E /* Resources */,
			);
			buildRules = (
			);
			dependencies = (
			);
			name = BubbleHunter;
			productName = BubbleCat;
			productReference = 262025B41CB36A1E00BD637E /* Bubble Hunters.app */;
			productType = "com.apple.product-type.application";
		};
		262025CB1CB36A1E00BD637E /* BubbleHunterTests */ = {
			isa = PBXNativeTarget;
			buildConfigurationList = 262025E31CB36A1F00BD637E /* Build configuration list for PBXNativeTarget "BubbleHunterTests" */;
			buildPhases = (
				262025C81CB36A1E00BD637E /* Sources */,
				262025C91CB36A1E00BD637E /* Frameworks */,
				262025CA1CB36A1E00BD637E /* Resources */,
			);
			buildRules = (
			);
			dependencies = (
				262025CE1CB36A1E00BD637E /* PBXTargetDependency */,
			);
			name = BubbleHunterTests;
			productName = BubbleCatTests;
			productReference = 262025CC1CB36A1E00BD637E /* BubbleHunterTests.xctest */;
			productType = "com.apple.product-type.bundle.unit-test";
		};
		262025D61CB36A1E00BD637E /* BubbleHunterUITests */ = {
			isa = PBXNativeTarget;
			buildConfigurationList = 262025E61CB36A1F00BD637E /* Build configuration list for PBXNativeTarget "BubbleHunterUITests" */;
			buildPhases = (
				262025D31CB36A1E00BD637E /* Sources */,
				262025D41CB36A1E00BD637E /* Frameworks */,
				262025D51CB36A1E00BD637E /* Resources */,
			);
			buildRules = (
			);
			dependencies = (
				262025D91CB36A1E00BD637E /* PBXTargetDependency */,
			);
			name = BubbleHunterUITests;
			productName = BubbleCatUITests;
			productReference = 262025D71CB36A1E00BD637E /* BubbleHunterTests.xctest */;
			productType = "com.apple.product-type.bundle.ui-testing";
		};
/* End PBXNativeTarget section */

/* Begin PBXProject section */
		262025AC1CB36A1E00BD637E /* Project object */ = {
			isa = PBXProject;
			attributes = {
				LastSwiftUpdateCheck = 0730;
				LastUpgradeCheck = 0730;
				ORGANIZATIONNAME = "Milo Spirig";
				TargetAttributes = {
					262025B31CB36A1E00BD637E = {
						CreatedOnToolsVersion = 7.3;
						DevelopmentTeam = M64CT42FSP;
					};
					262025CB1CB36A1E00BD637E = {
						CreatedOnToolsVersion = 7.3;
						TestTargetID = 262025B31CB36A1E00BD637E;
					};
					262025D61CB36A1E00BD637E = {
						CreatedOnToolsVersion = 7.3;
						TestTargetID = 262025B31CB36A1E00BD637E;
					};
				};
			};
			buildConfigurationList = 262025AF1CB36A1E00BD637E /* Build configuration list for PBXProject "BubbleHunter" */;
			compatibilityVersion = "Xcode 3.2";
			developmentRegion = English;
			hasScannedForEncodings = 0;
			knownRegions = (
				en,
				Base,
			);
			mainGroup = 262025AB1CB36A1E00BD637E;
			productRefGroup = 262025B51CB36A1E00BD637E /* Products */;
			projectDirPath = "";
			projectRoot = "";
			targets = (
				262025B31CB36A1E00BD637E /* BubbleHunter */,
				262025CB1CB36A1E00BD637E /* BubbleHunterTests */,
				262025D61CB36A1E00BD637E /* BubbleHunterUITests */,
			);
		};
/* End PBXProject section */

/* Begin PBXResourcesBuildPhase section */
		262025B21CB36A1E00BD637E /* Resources */ = {
			isa = PBXResourcesBuildPhase;
			buildActionMask = 2147483647;
			files = (
				26C037BE1CB4CF68002F58AE /* LaunchScreen.storyboard in Resources */,
				2631AB6A1D20930200994D25 /* begin.mp3 in Resources */,
				2631AB7D1D20B8F100994D25 /* Level9.sks in Resources */,
				263AD0CC1CB9C7D60056EF9D /* blop.mp3 in Resources */,
				2631AB6C1D20930200994D25 /* plunger.mp3 in Resources */,
				2631AB7B1D20B8F100994D25 /* Level7.sks in Resources */,
				2631AB741D20B1CA00994D25 /* Level5.sks in Resources */,
				2631AB7E1D20B8F100994D25 /* Level10.sks in Resources */,
				263AD0D21CBB4AF40056EF9D /* Level1.sks in Resources */,
				2631AB7A1D20B8F100994D25 /* Level6.sks in Resources */,
				26D963FE1D000EA90063CECC /* Level3.sks in Resources */,
				262025C31CB36A1E00BD637E /* Assets.xcassets in Resources */,
				26C037BB1CB4CE3D002F58AE /* Main.storyboard in Resources */,
				26E8EAD51D1685A2002BC7FB /* alphachannel.fsh in Resources */,
				26CFFC641CC166D00083C8B9 /* Level2.sks in Resources */,
				2631AB7C1D20B8F100994D25 /* Level8.sks in Resources */,
				2631AB701D2096D700994D25 /* hit.mp3 in Resources */,
				2631AB731D20B1CA00994D25 /* Level4.sks in Resources */,
				266BC1911D13A9910050DA1E /* underwater.fsh in Resources */,
				2631AB6E1D20930200994D25 /* shot.mp3 in Resources */,
				26B7D9081CB76686006885F0 /* HunterImages.atlas in Resources */,
				2631AB6D1D20930200994D25 /* break.mp3 in Resources */,
				2631AB6B1D20930200994D25 /* powerup.mp3 in Resources */,
			);
			runOnlyForDeploymentPostprocessing = 0;
		};
		262025CA1CB36A1E00BD637E /* Resources */ = {
			isa = PBXResourcesBuildPhase;
			buildActionMask = 2147483647;
			files = (
			);
			runOnlyForDeploymentPostprocessing = 0;
		};
		262025D51CB36A1E00BD637E /* Resources */ = {
			isa = PBXResourcesBuildPhase;
			buildActionMask = 2147483647;
			files = (
			);
			runOnlyForDeploymentPostprocessing = 0;
		};
/* End PBXResourcesBuildPhase section */

/* Begin PBXSourcesBuildPhase section */
		262025B01CB36A1E00BD637E /* Sources */ = {
			isa = PBXSourcesBuildPhase;
			buildActionMask = 2147483647;
			files = (
				26B7D90C1CB7812F006885F0 /* NextScene.swift in Sources */,
				263AD0D01CBAC77E0056EF9D /* Brick.swift in Sources */,
				262025BC1CB36A1E00BD637E /* GameScene.swift in Sources */,
				262025BE1CB36A1E00BD637E /* GameViewController.swift in Sources */,
				26B7D90A1CB77D07006885F0 /* GameoverScene.swift in Sources */,
				263AD0CA1CB9B2F00056EF9D /* Hook.swift in Sources */,
				26CFFC661CC16BB40083C8B9 /* Actor.swift in Sources */,
				263AD0CE1CB9CFCD0056EF9D /* Ball.swift in Sources */,
				26BA839B1CEEDFCC00F943D2 /* PowerUp.swift in Sources */,
				262025B81CB36A1E00BD637E /* AppDelegate.swift in Sources */,
				26E8EAD71D175DF8002BC7FB /* GameStartScene.swift in Sources */,
			);
			runOnlyForDeploymentPostprocessing = 0;
		};
		262025C81CB36A1E00BD637E /* Sources */ = {
			isa = PBXSourcesBuildPhase;
			buildActionMask = 2147483647;
			files = (
				262025D11CB36A1E00BD637E /* BubbleCatTests.swift in Sources */,
			);
			runOnlyForDeploymentPostprocessing = 0;
		};
		262025D31CB36A1E00BD637E /* Sources */ = {
			isa = PBXSourcesBuildPhase;
			buildActionMask = 2147483647;
			files = (
				262025DC1CB36A1E00BD637E /* BubbleCatUITests.swift in Sources */,
			);
			runOnlyForDeploymentPostprocessing = 0;
		};
/* End PBXSourcesBuildPhase section */

/* Begin PBXTargetDependency section */
		262025CE1CB36A1E00BD637E /* PBXTargetDependency */ = {
			isa = PBXTargetDependency;
			target = 262025B31CB36A1E00BD637E /* BubbleHunter */;
			targetProxy = 262025CD1CB36A1E00BD637E /* PBXContainerItemProxy */;
		};
		262025D91CB36A1E00BD637E /* PBXTargetDependency */ = {
			isa = PBXTargetDependency;
			target = 262025B31CB36A1E00BD637E /* BubbleHunter */;
			targetProxy = 262025D81CB36A1E00BD637E /* PBXContainerItemProxy */;
		};
/* End PBXTargetDependency section */

/* Begin PBXVariantGroup section */
		26C037B91CB4CE3D002F58AE /* Main.storyboard */ = {
			isa = PBXVariantGroup;
			children = (
				26C037BA1CB4CE3D002F58AE /* Base */,
			);
			name = Main.storyboard;
			sourceTree = "<group>";
		};
		26C037BC1CB4CF68002F58AE /* LaunchScreen.storyboard */ = {
			isa = PBXVariantGroup;
			children = (
				26C037BD1CB4CF68002F58AE /* Base */,
			);
			name = LaunchScreen.storyboard;
			sourceTree = "<group>";
		};
/* End PBXVariantGroup section */

/* Begin XCBuildConfiguration section */
		262025DE1CB36A1E00BD637E /* Debug */ = {
			isa = XCBuildConfiguration;
			buildSettings = {
				ALWAYS_SEARCH_USER_PATHS = NO;
				CLANG_ANALYZER_NONNULL = YES;
				CLANG_CXX_LANGUAGE_STANDARD = "gnu++0x";
				CLANG_CXX_LIBRARY = "libc++";
				CLANG_ENABLE_MODULES = YES;
				CLANG_ENABLE_OBJC_ARC = YES;
				CLANG_WARN_BOOL_CONVERSION = YES;
				CLANG_WARN_CONSTANT_CONVERSION = YES;
				CLANG_WARN_DIRECT_OBJC_ISA_USAGE = YES_ERROR;
				CLANG_WARN_EMPTY_BODY = YES;
				CLANG_WARN_ENUM_CONVERSION = YES;
				CLANG_WARN_INT_CONVERSION = YES;
				CLANG_WARN_OBJC_ROOT_CLASS = YES_ERROR;
				CLANG_WARN_UNREACHABLE_CODE = YES;
				CLANG_WARN__DUPLICATE_METHOD_MATCH = YES;
				"CODE_SIGN_IDENTITY[sdk=iphoneos*]" = "iPhone Developer";
				COPY_PHASE_STRIP = NO;
				DEBUG_INFORMATION_FORMAT = "dwarf-with-dsym";
				ENABLE_STRICT_OBJC_MSGSEND = YES;
				ENABLE_TESTABILITY = YES;
				GCC_C_LANGUAGE_STANDARD = gnu99;
				GCC_DYNAMIC_NO_PIC = NO;
				GCC_NO_COMMON_BLOCKS = YES;
				GCC_OPTIMIZATION_LEVEL = 0;
				GCC_PREPROCESSOR_DEFINITIONS = (
					"DEBUG=1",
					"$(inherited)",
				);
				GCC_WARN_64_TO_32_BIT_CONVERSION = YES;
				GCC_WARN_ABOUT_RETURN_TYPE = YES_ERROR;
				GCC_WARN_UNDECLARED_SELECTOR = YES;
				GCC_WARN_UNINITIALIZED_AUTOS = YES_AGGRESSIVE;
				GCC_WARN_UNUSED_FUNCTION = YES;
				GCC_WARN_UNUSED_VARIABLE = YES;
				IPHONEOS_DEPLOYMENT_TARGET = 9.3;
				MTL_ENABLE_DEBUG_INFO = YES;
				ONLY_ACTIVE_ARCH = YES;
				SDKROOT = iphoneos;
				SWIFT_OPTIMIZATION_LEVEL = "-Onone";
			};
			name = Debug;
		};
		262025DF1CB36A1E00BD637E /* Release */ = {
			isa = XCBuildConfiguration;
			buildSettings = {
				ALWAYS_SEARCH_USER_PATHS = NO;
				CLANG_ANALYZER_NONNULL = YES;
				CLANG_CXX_LANGUAGE_STANDARD = "gnu++0x";
				CLANG_CXX_LIBRARY = "libc++";
				CLANG_ENABLE_MODULES = YES;
				CLANG_ENABLE_OBJC_ARC = YES;
				CLANG_WARN_BOOL_CONVERSION = YES;
				CLANG_WARN_CONSTANT_CONVERSION = YES;
				CLANG_WARN_DIRECT_OBJC_ISA_USAGE = YES_ERROR;
				CLANG_WARN_EMPTY_BODY = YES;
				CLANG_WARN_ENUM_CONVERSION = YES;
				CLANG_WARN_INT_CONVERSION = YES;
				CLANG_WARN_OBJC_ROOT_CLASS = YES_ERROR;
				CLANG_WARN_UNREACHABLE_CODE = YES;
				CLANG_WARN__DUPLICATE_METHOD_MATCH = YES;
				"CODE_SIGN_IDENTITY[sdk=iphoneos*]" = "iPhone Developer";
				COPY_PHASE_STRIP = NO;
				DEBUG_INFORMATION_FORMAT = "dwarf-with-dsym";
				ENABLE_NS_ASSERTIONS = NO;
				ENABLE_STRICT_OBJC_MSGSEND = YES;
				GCC_C_LANGUAGE_STANDARD = gnu99;
				GCC_NO_COMMON_BLOCKS = YES;
				GCC_WARN_64_TO_32_BIT_CONVERSION = YES;
				GCC_WARN_ABOUT_RETURN_TYPE = YES_ERROR;
				GCC_WARN_UNDECLARED_SELECTOR = YES;
				GCC_WARN_UNINITIALIZED_AUTOS = YES_AGGRESSIVE;
				GCC_WARN_UNUSED_FUNCTION = YES;
				GCC_WARN_UNUSED_VARIABLE = YES;
				IPHONEOS_DEPLOYMENT_TARGET = 9.3;
				MTL_ENABLE_DEBUG_INFO = NO;
				SDKROOT = iphoneos;
				VALIDATE_PRODUCT = YES;
			};
			name = Release;
		};
		262025E11CB36A1F00BD637E /* Debug */ = {
			isa = XCBuildConfiguration;
			buildSettings = {
				ASSETCATALOG_COMPILER_APPICON_NAME = AppIcon;
				CODE_SIGN_IDENTITY = "iPhone Developer";
				"CODE_SIGN_IDENTITY[sdk=iphoneos*]" = "iPhone Developer";
				INFOPLIST_FILE = BubbleCat/Info.plist;
				IPHONEOS_DEPLOYMENT_TARGET = 9.0;
				LD_RUNPATH_SEARCH_PATHS = "$(inherited) @executable_path/Frameworks";
				PRODUCT_BUNDLE_IDENTIFIER = swiss.milo;
				PRODUCT_NAME = "Bubble Hunters";
				PROVISIONING_PROFILE = "";
			};
			name = Debug;
		};
		262025E21CB36A1F00BD637E /* Release */ = {
			isa = XCBuildConfiguration;
			buildSettings = {
				ASSETCATALOG_COMPILER_APPICON_NAME = AppIcon;
				CODE_SIGN_IDENTITY = "iPhone Developer";
				"CODE_SIGN_IDENTITY[sdk=iphoneos*]" = "iPhone Developer";
				INFOPLIST_FILE = BubbleCat/Info.plist;
				IPHONEOS_DEPLOYMENT_TARGET = 9.0;
				LD_RUNPATH_SEARCH_PATHS = "$(inherited) @executable_path/Frameworks";
				PRODUCT_BUNDLE_IDENTIFIER = swiss.milo;
				PRODUCT_NAME = "Bubble Hunters";
				PROVISIONING_PROFILE = "";
			};
			name = Release;
		};
		262025E41CB36A1F00BD637E /* Debug */ = {
			isa = XCBuildConfiguration;
			buildSettings = {
				BUNDLE_LOADER = "$(TEST_HOST)";
				DEBUG_INFORMATION_FORMAT = dwarf;
				INFOPLIST_FILE = BubbleCatTests/Info.plist;
				LD_RUNPATH_SEARCH_PATHS = "$(inherited) @executable_path/Frameworks @loader_path/Frameworks";
				PRODUCT_BUNDLE_IDENTIFIER = milo.BubbleCatTests;
				PRODUCT_NAME = BubbleHunterTests;
				TEST_HOST = "$(BUILT_PRODUCTS_DIR)/BubbleHunter.app/BubbleHunter";
			};
			name = Debug;
		};
		262025E51CB36A1F00BD637E /* Release */ = {
			isa = XCBuildConfiguration;
			buildSettings = {
				BUNDLE_LOADER = "$(TEST_HOST)";
				INFOPLIST_FILE = BubbleCatTests/Info.plist;
				LD_RUNPATH_SEARCH_PATHS = "$(inherited) @executable_path/Frameworks @loader_path/Frameworks";
				PRODUCT_BUNDLE_IDENTIFIER = milo.BubbleCatTests;
				PRODUCT_NAME = BubbleHunterTests;
				TEST_HOST = "$(BUILT_PRODUCTS_DIR)/BubbleHunter.app/BubbleHunter";
			};
			name = Release;
		};
		262025E71CB36A1F00BD637E /* Debug */ = {
			isa = XCBuildConfiguration;
			buildSettings = {
				DEBUG_INFORMATION_FORMAT = dwarf;
				INFOPLIST_FILE = BubbleCatUITests/Info.plist;
				LD_RUNPATH_SEARCH_PATHS = "$(inherited) @executable_path/Frameworks @loader_path/Frameworks";
				PRODUCT_BUNDLE_IDENTIFIER = milo.BubbleCatUITests;
				PRODUCT_NAME = BubbleHunterTests;
				TEST_TARGET_NAME = BubbleCat;
			};
			name = Debug;
		};
		262025E81CB36A1F00BD637E /* Release */ = {
			isa = XCBuildConfiguration;
			buildSettings = {
				INFOPLIST_FILE = BubbleCatUITests/Info.plist;
				LD_RUNPATH_SEARCH_PATHS = "$(inherited) @executable_path/Frameworks @loader_path/Frameworks";
				PRODUCT_BUNDLE_IDENTIFIER = milo.BubbleCatUITests;
				PRODUCT_NAME = BubbleHunterTests;
				TEST_TARGET_NAME = BubbleCat;
			};
			name = Release;
		};
/* End XCBuildConfiguration section */

/* Begin XCConfigurationList section */
		262025AF1CB36A1E00BD637E /* Build configuration list for PBXProject "BubbleHunter" */ = {
			isa = XCConfigurationList;
			buildConfigurations = (
				262025DE1CB36A1E00BD637E /* Debug */,
				262025DF1CB36A1E00BD637E /* Release */,
			);
			defaultConfigurationIsVisible = 0;
			defaultConfigurationName = Release;
		};
		262025E01CB36A1F00BD637E /* Build configuration list for PBXNativeTarget "BubbleHunter" */ = {
			isa = XCConfigurationList;
			buildConfigurations = (
				262025E11CB36A1F00BD637E /* Debug */,
				262025E21CB36A1F00BD637E /* Release */,
			);
			defaultConfigurationIsVisible = 0;
			defaultConfigurationName = Release;
		};
		262025E31CB36A1F00BD637E /* Build configuration list for PBXNativeTarget "BubbleHunterTests" */ = {
			isa = XCConfigurationList;
			buildConfigurations = (
				262025E41CB36A1F00BD637E /* Debug */,
				262025E51CB36A1F00BD637E /* Release */,
			);
			defaultConfigurationIsVisible = 0;
			defaultConfigurationName = Release;
		};
		262025E61CB36A1F00BD637E /* Build configuration list for PBXNativeTarget "BubbleHunterUITests" */ = {
			isa = XCConfigurationList;
			buildConfigurations = (
				262025E71CB36A1F00BD637E /* Debug */,
				262025E81CB36A1F00BD637E /* Release */,
			);
			defaultConfigurationIsVisible = 0;
			defaultConfigurationName = Release;
		};
/* End XCConfigurationList section */
	};
	rootObject = 262025AC1CB36A1E00BD637E /* Project object */;
}
